// !$*UTF8*$!
{
       archiveVersion = 1;
       classes = {
       };
       objectVersion = 46;
       objects = {

/* Begin PBXAggregateTarget section */
              68A41D15E57A4E958AA43028 /* ALL_BUILD */ = {
                     isa = PBXAggregateTarget;
                     buildConfigurationList = 587102ECC1E7404D928A0EE1 /* Build configuration list for PBXAggregateTarget "ALL_BUILD" */;
                     buildPhases = (
                            1DA258C5F5314F2B9AB69496 /* CMake Rules */,
                     );
                     dependencies = (
                            A3C86FD7833146A6BEC255A3 /* PBXTargetDependency */,
                            3882AC3623D44016B74BC7C8 /* PBXTargetDependency */,
                     );
                     name = ALL_BUILD;
                     productName = ALL_BUILD;
              };
              9F23B1220E1D4D4DAF155E1C /* install */ = {
                     isa = PBXAggregateTarget;
                     buildConfigurationList = 990A6C549AD7446B9A50A1BE /* Build configuration list for PBXAggregateTarget "install" */;
                     buildPhases = (
                            93F23F3C99124A7B909B3742 /* CMake PostBuild Rules */,
                     );
                     dependencies = (
                            04D5A6D9DF0749C286F0846A /* PBXTargetDependency */,
                     );
                     name = install;
                     productName = install;
              };
/* End PBXAggregateTarget section */

/* Begin PBXBuildFile section */
E5807B7B279F4E54B6B39897 /* ../../../googletest/CMakeLists.txt */ = {isa = PBXBuildFile; fileRef = 30D4F7A5112C4E5A8F1D2222 /* ../../../googletest/CMakeLists.txt */; settings = { COMPILER_FLAGS = ""; }; };
8A99804264EB495CBBF40FC2 /* ../../../googletest/src/gtest-all.cc */ = {isa = PBXBuildFile; fileRef = FEB3CB5FA0464E7B9CB2B4CF /* ../../../googletest/src/gtest-all.cc */; settings = { COMPILER_FLAGS = ""; }; };
4685AD69FC2649A9B0B6EA57 /* ../../../googletest/CMakeLists.txt */ = {isa = PBXBuildFile; fileRef = 30D4F7A5112C4E5A8F1D2222 /* ../../../googletest/CMakeLists.txt */; settings = { COMPILER_FLAGS = ""; }; };
23853DDC9A8647AB9F0264B8 /* ../../../googletest/src/gtest_main.cc */ = {isa = PBXBuildFile; fileRef = 925DD952E66F464CAC7DFE87 /* ../../../googletest/src/gtest_main.cc */; settings = { COMPILER_FLAGS = ""; }; };
/* End PBXBuildFile section */

/* Begin PBXBuildStyle section */
              04586808F15F448AB9648C59 /*  */ = {
                     isa = PBXBuildStyle;
              };
              804EA6D1263D461A8E88D7F4 /* Debug */ = {
                     isa = PBXBuildStyle;
                     buildSettings = {
                            COPY_PHASE_STRIP = NO;
                     };
                     name = Debug;
              };
              2BB923861CC24A818A36061A /* Release */ = {
                     isa = PBXBuildStyle;
                     buildSettings = {
                            COPY_PHASE_STRIP = NO;
                     };
                     name = Release;
              };
              56C79D3CCA9E4C96A8A387A4 /* MinSizeRel */ = {
                     isa = PBXBuildStyle;
                     buildSettings = {
                            COPY_PHASE_STRIP = NO;
                     };
                     name = MinSizeRel;
              };
              F34A2FBA103246CB989E6955 /* RelWithDebInfo */ = {
                     isa = PBXBuildStyle;
                     buildSettings = {
                            COPY_PHASE_STRIP = NO;
                     };
                     name = RelWithDebInfo;
              };
/* End PBXBuildStyle section */

/* Begin PBXContainerItemProxy section */
              68F9384ABFFC45E5A8F9E7EE /* PBXContainerItemProxy */ = {
                     isa = PBXContainerItemProxy;
                     containerPortal = A163354D981745D9933AB958 /* Project object */;
                     proxyType = 1;
                     remoteGlobalIDString = 439253F5A9DE4100A86E4893;
                     remoteInfo = gtest;
              };
              9C6979654A2C4120B5393C38 /* PBXContainerItemProxy */ = {
                     isa = PBXContainerItemProxy;
                     containerPortal = A163354D981745D9933AB958 /* Project object */;
                     proxyType = 1;
                     remoteGlobalIDString = 5CE08B89D5824A64AECBC68D;
                     remoteInfo = gtest_main;
              };
              7766B46BBF39422E894B5F79 /* PBXContainerItemProxy */ = {
                     isa = PBXContainerItemProxy;
                     containerPortal = A163354D981745D9933AB958 /* Project object */;
                     proxyType = 1;
                     remoteGlobalIDString = 439253F5A9DE4100A86E4893;
                     remoteInfo = gtest;
              };
              7DE3A433A8A04A2997B2415D /* PBXContainerItemProxy */ = {
                     isa = PBXContainerItemProxy;
                     containerPortal = A163354D981745D9933AB958 /* Project object */;
                     proxyType = 1;
                     remoteGlobalIDString = 68A41D15E57A4E958AA43028;
                     remoteInfo = ALL_BUILD;
              };
/* End PBXContainerItemProxy section */

/* Begin PBXFileReference section */
30D4F7A5112C4E5A8F1D2222 /* ../../../googletest/CMakeLists.txt */ = {isa = PBXFileReference; explicitFileType = "sourcecode.text"; fileEncoding = 4; name = "CMakeLists.txt"; path = "CMakeLists.txt"; sourceTree = SOURCE_ROOT; };
FEB3CB5FA0464E7B9CB2B4CF /* ../../../googletest/src/gtest-all.cc */ = {isa = PBXFileReference; explicitFileType = "sourcecode.cpp.cpp"; fileEncoding = 4; name = "gtest-all.cc"; path = "src/gtest-all.cc"; sourceTree = SOURCE_ROOT; };
598CA516A5824A3387268B97 /* gtest */ = {isa = PBXFileReference; explicitFileType = "archive.ar"; path = "libgtest.a"; refType = 0; sourceTree = BUILT_PRODUCTS_DIR; };
925DD952E66F464CAC7DFE87 /* ../../../googletest/src/gtest_main.cc */ = {isa = PBXFileReference; explicitFileType = "sourcecode.cpp.cpp"; fileEncoding = 4; name = "gtest_main.cc"; path = "src/gtest_main.cc"; sourceTree = SOURCE_ROOT; };
FEFD6D96398B485984B60D86 /* gtest_main */ = {isa = PBXFileReference; explicitFileType = "archive.ar"; path = "libgtest_main.a"; refType = 0; sourceTree = BUILT_PRODUCTS_DIR; };
/* End PBXFileReference section */

/* Begin PBXGroup section */
              9D0C2B54BF264AB9AC259241  = {
                     isa = PBXGroup;
                     children = (
                            D7DECA3D55EF49B69763C9FA /* Sources */,
                            6634111AE39145ACA3D2662C /* Resources */,
                            9D6919CE6E9647B2ACA57D46 /* Products */,
                     );
                     sourceTree = "<group>";
              };
              D7DECA3D55EF49B69763C9FA /* Sources */ = {
                     isa = PBXGroup;
                     children = (
                            C9C9F45921F14B0C8EE6736B /* ALL_BUILD */,
                            2D6C8C12317046A5BAAE03B2 /* gtest */,
                            C845AC27B0454A03911E1E09 /* gtest_main */,
                     );
                     name = Sources;
                     sourceTree = "<group>";
              };
              6634111AE39145ACA3D2662C /* Resources */ = {
                     isa = PBXGroup;
                     children = (
                     );
                     name = Resources;
                     sourceTree = "<group>";
              };
              C9C9F45921F14B0C8EE6736B /* ALL_BUILD */ = {
                     isa = PBXGroup;
                     children = (
                            040F1D4A22DE48059007E109 /* CMake Rules */,
                            30D4F7A5112C4E5A8F1D2222 /* ../../../googletest/CMakeLists.txt */,
                     );
                     name = ALL_BUILD;
                     sourceTree = "<group>";
              };
              040F1D4A22DE48059007E109 /* CMake Rules */ = {
                     isa = PBXGroup;
                     children = (
                     );
                     name = "CMake Rules";
                     sourceTree = "<group>";
              };
              2D6C8C12317046A5BAAE03B2 /* gtest */ = {
                     isa = PBXGroup;
                     children = (
                            517DB2B6850D477FB86258E9 /* Source Files */,
                            30D4F7A5112C4E5A8F1D2222 /* ../../../googletest/CMakeLists.txt */,
                     );
                     name = gtest;
                     sourceTree = "<group>";
              };
              517DB2B6850D477FB86258E9 /* Source Files */ = {
                     isa = PBXGroup;
                     children = (
                            FEB3CB5FA0464E7B9CB2B4CF /* ../../../googletest/src/gtest-all.cc */,
                     );
                     name = "Source Files";
                     sourceTree = "<group>";
              };
              C845AC27B0454A03911E1E09 /* gtest_main */ = {
                     isa = PBXGroup;
                     children = (
                            4B469572AF304643AF29CEDE /* Source Files */,
                            30D4F7A5112C4E5A8F1D2222 /* ../../../googletest/CMakeLists.txt */,
                     );
                     name = gtest_main;
                     sourceTree = "<group>";
              };
              4B469572AF304643AF29CEDE /* Source Files */ = {
                     isa = PBXGroup;
                     children = (
                            925DD952E66F464CAC7DFE87 /* ../../../googletest/src/gtest_main.cc */,
                     );
                     name = "Source Files";
                     sourceTree = "<group>";
              };
              9D6919CE6E9647B2ACA57D46 /* Products */ = {
                     isa = PBXGroup;
                     children = (
                            598CA516A5824A3387268B97 /* gtest */,
                            FEFD6D96398B485984B60D86 /* gtest_main */,
                     );
                     name = Products;
                     sourceTree = "<group>";
              };
/* End PBXGroup section */

/* Begin PBXNativeTarget section */
              439253F5A9DE4100A86E4893 /* gtest */ = {
                     isa = PBXNativeTarget;
                     buildConfigurationList = CE9751E6A82041ECA5DBF03A /* Build configuration list for PBXNativeTarget "gtest" */;
                     buildPhases = (
                            DC75FA68E0354B83B6915A44 /* Sources */,
                     );
                     buildRules = (
                     );
                     dependencies = (
                     );
                     name = gtest;
                     productName = gtest;
                     productReference = 598CA516A5824A3387268B97 /* gtest */;
                     productType = "com.apple.product-type.library.static";
              };
              5CE08B89D5824A64AECBC68D /* gtest_main */ = {
                     isa = PBXNativeTarget;
                     buildConfigurationList = 4F1695C4A5DE4ECD8203E7D9 /* Build configuration list for PBXNativeTarget "gtest_main" */;
                     buildPhases = (
                            77DB3AAB92C747109714FC76 /* Sources */,
                     );
                     buildRules = (
                     );
                     dependencies = (
                            7EAA1A403E684EBCA1163974 /* PBXTargetDependency */,
                     );
                     name = gtest_main;
                     productName = gtest_main;
                     productReference = FEFD6D96398B485984B60D86 /* gtest_main */;
                     productType = "com.apple.product-type.library.static";
              };
/* End PBXNativeTarget section */

/* Begin PBXProject section */
              A163354D981745D9933AB958 /* Project object */ = {
                     isa = PBXProject;
                     attributes = {
                            BuildIndependentTargetsInParallel = YES;
                     };
                     buildConfigurationList = F37782B1825D46BD86C87E1E /* Build configuration list for PBXProject  "gtest" */;
                     buildSettings = {
                     };
                     buildStyles = (
                            804EA6D1263D461A8E88D7F4 /* Debug */,
                            2BB923861CC24A818A36061A /* Release */,
                            56C79D3CCA9E4C96A8A387A4 /* MinSizeRel */,
                            F34A2FBA103246CB989E6955 /* RelWithDebInfo */,
                     );
                     compatibilityVersion = "Xcode 3.2";
                     hasScannedForEncodings = 0;
                     mainGroup = 9D0C2B54BF264AB9AC259241;
                     projectDirPath = ../../../googletest;
                     projectRoot = "";
                     targets = (
                            68A41D15E57A4E958AA43028 /* ALL_BUILD */,
                            439253F5A9DE4100A86E4893 /* gtest */,
                            5CE08B89D5824A64AECBC68D /* gtest_main */,
                            9F23B1220E1D4D4DAF155E1C /* install */,
                     );
              };
/* End PBXProject section */

/* Begin PBXShellScriptBuildPhase section */
              38DA3C5270B847B9A8A5DB19 /*  */ = {
                     isa = PBXShellScriptBuildPhase;
                     buildActionMask = 2147483647;
                     files = (
                     );
                     inputPaths = (
                     );
                     outputPaths = (
                     );
                     runOnlyForDeploymentPostprocessing = 0;
                     shellPath = /bin/sh;
                     shellScript = "## shell script goes here
exit 0";
                     showEnvVarsInLog = 0;
              };
              1DA258C5F5314F2B9AB69496 /* CMake Rules */ = {
                     isa = PBXShellScriptBuildPhase;
                     buildActionMask = 2147483647;
                     files = (
                     );
                     name = "CMake Rules";
                     runOnlyForDeploymentPostprocessing = 0;
                     shellPath = /bin/sh;
                     shellScript = "#make -C . -f CMakeScripts/ALL_BUILD_cmakeRulesBuildPhase.make$CONFIGURATION all";
                     showEnvVarsInLog = 0;
              };
              69E5E1F830B4416F90EDA494 /*  */ = {
                     isa = PBXShellScriptBuildPhase;
                     buildActionMask = 2147483647;
                     files = (
                     );
                     inputPaths = (
                     );
                     outputPaths = (
                     );
                     runOnlyForDeploymentPostprocessing = 0;
                     shellPath = /bin/sh;
                     shellScript = "## shell script goes here
exit 0";
                     showEnvVarsInLog = 0;
              };
              93F23F3C99124A7B909B3742 /* CMake PostBuild Rules */ = {
                     isa = PBXShellScriptBuildPhase;
                     buildActionMask = 2147483647;
                     files = (
                     );
                     name = "CMake PostBuild Rules";
                     runOnlyForDeploymentPostprocessing = 0;
                     shellPath = /bin/sh;
                     shellScript = "#make -C . -f CMakeScripts/install_postBuildPhase.make$CONFIGURATION all";
                     showEnvVarsInLog = 0;
              };
/* End PBXShellScriptBuildPhase section */

/* Begin PBXSourcesBuildPhase section */
              DC75FA68E0354B83B6915A44 /* Sources */ = {
                     isa = PBXSourcesBuildPhase;
                     buildActionMask = 2147483647;
                     files = (
                            8A99804264EB495CBBF40FC2 /* ../../../googletest/src/gtest-all.cc */,
                     );
                     runOnlyForDeploymentPostprocessing = 0;
              };
              77DB3AAB92C747109714FC76 /* Sources */ = {
                     isa = PBXSourcesBuildPhase;
                     buildActionMask = 2147483647;
                     files = (
                            23853DDC9A8647AB9F0264B8 /* ../../../googletest/src/gtest_main.cc */,
                     );
                     runOnlyForDeploymentPostprocessing = 0;
              };
/* End PBXSourcesBuildPhase section */

/* Begin PBXTargetDependency section */
              A3C86FD7833146A6BEC255A3 /* PBXTargetDependency */ = {
                     isa = PBXTargetDependency;
                     target = 439253F5A9DE4100A86E4893 /* gtest */;
                     targetProxy = 68F9384ABFFC45E5A8F9E7EE /* PBXContainerItemProxy */;
              };
              3882AC3623D44016B74BC7C8 /* PBXTargetDependency */ = {
                     isa = PBXTargetDependency;
                     target = 5CE08B89D5824A64AECBC68D /* gtest_main */;
                     targetProxy = 9C6979654A2C4120B5393C38 /* PBXContainerItemProxy */;
              };
              7EAA1A403E684EBCA1163974 /* PBXTargetDependency */ = {
                     isa = PBXTargetDependency;
                     target = 439253F5A9DE4100A86E4893 /* gtest */;
                     targetProxy = 7766B46BBF39422E894B5F79 /* PBXContainerItemProxy */;
              };
              04D5A6D9DF0749C286F0846A /* PBXTargetDependency */ = {
                     isa = PBXTargetDependency;
                     target = 68A41D15E57A4E958AA43028 /* ALL_BUILD */;
                     targetProxy = 7DE3A433A8A04A2997B2415D /* PBXContainerItemProxy */;
              };
/* End PBXTargetDependency section */

/* Begin XCBuildConfiguration section */
              3ACCE3C915DA49A9971419D3 /* Debug */ = {
                     isa = XCBuildConfiguration;
                     buildSettings = {
                            ARCHS = "$(ARCHS_STANDARD_32_64_BIT)";
                            ONLY_ACTIVE_ARCH = YES;
                            SDKROOT = "/Applications/Xcode.app/Contents/Developer/Platforms/MacOSX.platform/Developer/SDKs/MacOSX10.9.sdk";
                            SYMROOT = ../googletest/build;
                     };
                     name = Debug;
              };
              A185511DFC284A47A9C28FF0 /* Release */ = {
                     isa = XCBuildConfiguration;
                     buildSettings = {
                            ARCHS = "$(ARCHS_STANDARD_32_64_BIT)";
                            ONLY_ACTIVE_ARCH = YES;
                            SDKROOT = "/Applications/Xcode.app/Contents/Developer/Platforms/MacOSX.platform/Developer/SDKs/MacOSX10.9.sdk";
                            SYMROOT = ../googletest/build;
                     };
                     name = Release;
              };
              A18C7EEEC34948418B4BE26E /* MinSizeRel */ = {
                     isa = XCBuildConfiguration;
                     buildSettings = {
                            ARCHS = "$(ARCHS_STANDARD_32_64_BIT)";
                            ONLY_ACTIVE_ARCH = YES;
                            SDKROOT = "/Applications/Xcode.app/Contents/Developer/Platforms/MacOSX.platform/Developer/SDKs/MacOSX10.9.sdk";
                            SYMROOT = ../googletest/build;
                     };
                     name = MinSizeRel;
              };
              CC425EF1E63C4C0F9F39AB8D /* RelWithDebInfo */ = {
                     isa = XCBuildConfiguration;
                     buildSettings = {
                            ARCHS = "$(ARCHS_STANDARD_32_64_BIT)";
                            ONLY_ACTIVE_ARCH = YES;
                            SDKROOT = "/Applications/Xcode.app/Contents/Developer/Platforms/MacOSX.platform/Developer/SDKs/MacOSX10.9.sdk";
                            SYMROOT = ../googletest/build;
                     };
                     name = RelWithDebInfo;
              };
              DB6E9D46EE714DF38193BDB5 /* Debug */ = {
                     isa = XCBuildConfiguration;
                     buildSettings = {
                            COMBINE_HIDPI_IMAGES = YES;
                            GCC_GENERATE_DEBUGGING_SYMBOLS = NO;
                            GCC_INLINES_ARE_PRIVATE_EXTERN = NO;
                            GCC_OPTIMIZATION_LEVEL = 0;
                            GCC_PREPROCESSOR_DEFINITIONS = ("'CMAKE_INTDIR=\"$(CONFIGURATION)$(EFFECTIVE_PLATFORM_NAME)\"'", );
                            GCC_SYMBOLS_PRIVATE_EXTERN = NO;
                            HEADER_SEARCH_PATHS = (../../../googletest/include, ../../../googletest, );
                            INSTALL_PATH = "";
                            OTHER_CFLAGS = "  ";
                            OTHER_LDFLAGS = " ";
                            OTHER_REZFLAGS = "";
                            PRODUCT_NAME = ALL_BUILD;
                            SECTORDER_FLAGS = "";
                            SYMROOT = ../googletest;
                            USE_HEADERMAP = NO;
                            WARNING_CFLAGS = ("-Wmost", "-Wno-four-char-constants", "-Wno-unknown-pragmas", );
                     };
                     name = Debug;
              };
              5A8A2D22FF4048E7BD52E357 /* Release */ = {
                     isa = XCBuildConfiguration;
                     buildSettings = {
                            COMBINE_HIDPI_IMAGES = YES;
                            GCC_GENERATE_DEBUGGING_SYMBOLS = NO;
                            GCC_INLINES_ARE_PRIVATE_EXTERN = NO;
                            GCC_OPTIMIZATION_LEVEL = 0;
                            GCC_PREPROCESSOR_DEFINITIONS = ("'CMAKE_INTDIR=\"$(CONFIGURATION)$(EFFECTIVE_PLATFORM_NAME)\"'", );
                            GCC_SYMBOLS_PRIVATE_EXTERN = NO;
                            HEADER_SEARCH_PATHS = (../../../googletest/include, ../../../googletest, );
                            INSTALL_PATH = "";
                            OTHER_CFLAGS = "  ";
                            OTHER_LDFLAGS = " ";
                            OTHER_REZFLAGS = "";
                            PRODUCT_NAME = ALL_BUILD;
                            SECTORDER_FLAGS = "";
                            SYMROOT = ../googletest;
                            USE_HEADERMAP = NO;
                            WARNING_CFLAGS = ("-Wmost", "-Wno-four-char-constants", "-Wno-unknown-pragmas", );
                     };
                     name = Release;
              };
              81AEF6D3283841AA90954068 /* MinSizeRel */ = {
                     isa = XCBuildConfiguration;
                     buildSettings = {
                            COMBINE_HIDPI_IMAGES = YES;
                            GCC_GENERATE_DEBUGGING_SYMBOLS = NO;
                            GCC_INLINES_ARE_PRIVATE_EXTERN = NO;
                            GCC_OPTIMIZATION_LEVEL = 0;
                            GCC_PREPROCESSOR_DEFINITIONS = ("'CMAKE_INTDIR=\"$(CONFIGURATION)$(EFFECTIVE_PLATFORM_NAME)\"'", );
                            GCC_SYMBOLS_PRIVATE_EXTERN = NO;
                            HEADER_SEARCH_PATHS = (../../../googletest/include, ../../../googletest, );
                            INSTALL_PATH = "";
                            OTHER_CFLAGS = "  ";
                            OTHER_LDFLAGS = " ";
                            OTHER_REZFLAGS = "";
                            PRODUCT_NAME = ALL_BUILD;
                            SECTORDER_FLAGS = "";
                            SYMROOT = ../googletest;
                            USE_HEADERMAP = NO;
                            WARNING_CFLAGS = ("-Wmost", "-Wno-four-char-constants", "-Wno-unknown-pragmas", );
                     };
                     name = MinSizeRel;
              };
              C2118D4A7A034615B527B819 /* RelWithDebInfo */ = {
                     isa = XCBuildConfiguration;
                     buildSettings = {
                            COMBINE_HIDPI_IMAGES = YES;
                            GCC_GENERATE_DEBUGGING_SYMBOLS = NO;
                            GCC_INLINES_ARE_PRIVATE_EXTERN = NO;
                            GCC_OPTIMIZATION_LEVEL = 0;
                            GCC_PREPROCESSOR_DEFINITIONS = ("'CMAKE_INTDIR=\"$(CONFIGURATION)$(EFFECTIVE_PLATFORM_NAME)\"'", );
                            GCC_SYMBOLS_PRIVATE_EXTERN = NO;
                            HEADER_SEARCH_PATHS = (../../../googletest/include, ../../../googletest, );
                            INSTALL_PATH = "";
                            OTHER_CFLAGS = "  ";
                            OTHER_LDFLAGS = " ";
                            OTHER_REZFLAGS = "";
                            PRODUCT_NAME = ALL_BUILD;
                            SECTORDER_FLAGS = "";
                            SYMROOT = ../googletest;
                            USE_HEADERMAP = NO;
                            WARNING_CFLAGS = ("-Wmost", "-Wno-four-char-constants", "-Wno-unknown-pragmas", );
                     };
                     name = RelWithDebInfo;
              };
              8A0DA76A5E974BD2BE28B276 /* Debug */ = {
                     isa = XCBuildConfiguration;
                     buildSettings = {
                            COMBINE_HIDPI_IMAGES = YES;
                            EXECUTABLE_PREFIX = lib;
                            EXECUTABLE_SUFFIX = ".a";
                            GCC_GENERATE_DEBUGGING_SYMBOLS = YES;
                            GCC_INLINES_ARE_PRIVATE_EXTERN = NO;
                            GCC_OPTIMIZATION_LEVEL = 0;
                            GCC_PREPROCESSOR_DEFINITIONS = ("'CMAKE_INTDIR=\"$(CONFIGURATION)$(EFFECTIVE_PLATFORM_NAME)\"'", );
                            GCC_SYMBOLS_PRIVATE_EXTERN = NO;
                            HEADER_SEARCH_PATHS = (../../../googletest/include, ../../../googletest, );
                            INSTALL_PATH = "";
                            LIBRARY_STYLE = STATIC;
                            OTHER_CFLAGS = " -Wall -Werror -Wno-long-long -Wno-variadic-macros    -DDEBUG=1  -Wall -Werror -Wno-long-long -Wno-variadic-macros  -DGTEST_HAS_PTHREAD=1    ";
                            OTHER_CPLUSPLUSFLAGS = " -Wall -Werror -Wno-long-long -Wno-variadic-macros    -DDEBUG=1  -Wall -Werror -Wno-long-long -Wno-variadic-macros  -DGTEST_HAS_PTHREAD=1    ";
                            OTHER_LDFLAGS = " ";
                            OTHER_REZFLAGS = "";
                            PRODUCT_NAME = gtest;
                            SECTORDER_FLAGS = "";
                            SYMROOT = ../googletest;
                            USE_HEADERMAP = NO;
                            WARNING_CFLAGS = "-Wall -Werror -Wno-long-long -Wno-variadic-macros";
                     };
                     name = Debug;
              };
              E6DCC7915AED4450A9C4941F /* Release */ = {
                     isa = XCBuildConfiguration;
                     buildSettings = {
                            COMBINE_HIDPI_IMAGES = YES;
                            EXECUTABLE_PREFIX = lib;
                            EXECUTABLE_SUFFIX = ".a";
                            GCC_GENERATE_DEBUGGING_SYMBOLS = NO;
                            GCC_INLINES_ARE_PRIVATE_EXTERN = NO;
                            GCC_OPTIMIZATION_LEVEL = 3;
                            GCC_PREPROCESSOR_DEFINITIONS = ("'CMAKE_INTDIR=\"$(CONFIGURATION)$(EFFECTIVE_PLATFORM_NAME)\"'", );
                            GCC_SYMBOLS_PRIVATE_EXTERN = NO;
                            HEADER_SEARCH_PATHS = (../../../googletest/include, ../../../googletest, );
                            INSTALL_PATH = "";
                            LIBRARY_STYLE = STATIC;
                            OTHER_CFLAGS = " -Wall -Werror -Wno-long-long -Wno-variadic-macros     -DNDEBUG -DDEBUG=0  -Wall -Werror -Wno-long-long -Wno-variadic-macros  -DGTEST_HAS_PTHREAD=1    ";
                            OTHER_CPLUSPLUSFLAGS = " -Wall -Werror -Wno-long-long -Wno-variadic-macros     -DNDEBUG -DDEBUG=0  -Wall -Werror -Wno-long-long -Wno-variadic-macros  -DGTEST_HAS_PTHREAD=1    ";
                            OTHER_LDFLAGS = " ";
                            OTHER_REZFLAGS = "";
                            PRODUCT_NAME = gtest;
                            SECTORDER_FLAGS = "";
                            SYMROOT = ../googletest;
                            USE_HEADERMAP = NO;
                            WARNING_CFLAGS = "-Wall -Werror -Wno-long-long -Wno-variadic-macros";
                     };
                     name = Release;
              };
              65B007F17A814EE9830028C2 /* MinSizeRel */ = {
                     isa = XCBuildConfiguration;
                     buildSettings = {
                            COMBINE_HIDPI_IMAGES = YES;
                            EXECUTABLE_PREFIX = lib;
                            EXECUTABLE_SUFFIX = ".a";
                            GCC_GENERATE_DEBUGGING_SYMBOLS = NO;
                            GCC_INLINES_ARE_PRIVATE_EXTERN = NO;
                            GCC_OPTIMIZATION_LEVEL = s;
                            GCC_PREPROCESSOR_DEFINITIONS = ("'CMAKE_INTDIR=\"$(CONFIGURATION)$(EFFECTIVE_PLATFORM_NAME)\"'", );
                            GCC_SYMBOLS_PRIVATE_EXTERN = NO;
                            HEADER_SEARCH_PATHS = (../../../googletest/include, ../../../googletest, );
                            INSTALL_PATH = "";
                            LIBRARY_STYLE = STATIC;
                            OTHER_CFLAGS = " -Wall -Werror -Wno-long-long -Wno-variadic-macros     -DNDEBUG -DDEBUG=0  -Wall -Werror -Wno-long-long -Wno-variadic-macros  -DGTEST_HAS_PTHREAD=1    ";
                            OTHER_CPLUSPLUSFLAGS = " -Wall -Werror -Wno-long-long -Wno-variadic-macros     -DNDEBUG -DDEBUG=0  -Wall -Werror -Wno-long-long -Wno-variadic-macros  -DGTEST_HAS_PTHREAD=1    ";
                            OTHER_LDFLAGS = " ";
                            OTHER_REZFLAGS = "";
                            PRODUCT_NAME = gtest;
                            SECTORDER_FLAGS = "";
                            SYMROOT = ../googletest;
                            USE_HEADERMAP = NO;
                            WARNING_CFLAGS = "-Wall -Werror -Wno-long-long -Wno-variadic-macros";
                     };
                     name = MinSizeRel;
              };
              E64DB2BBF9514BF6A381D4E7 /* RelWithDebInfo */ = {
                     isa = XCBuildConfiguration;
                     buildSettings = {
                            COMBINE_HIDPI_IMAGES = YES;
                            EXECUTABLE_PREFIX = lib;
                            EXECUTABLE_SUFFIX = ".a";
                            GCC_GENERATE_DEBUGGING_SYMBOLS = YES;
                            GCC_INLINES_ARE_PRIVATE_EXTERN = NO;
                            GCC_OPTIMIZATION_LEVEL = 2;
                            GCC_PREPROCESSOR_DEFINITIONS = ("'CMAKE_INTDIR=\"$(CONFIGURATION)$(EFFECTIVE_PLATFORM_NAME)\"'", );
                            GCC_SYMBOLS_PRIVATE_EXTERN = NO;
                            HEADER_SEARCH_PATHS = (../../../googletest/include, ../../../googletest, );
                            INSTALL_PATH = "";
                            LIBRARY_STYLE = STATIC;
                            OTHER_CFLAGS = " -Wall -Werror -Wno-long-long -Wno-variadic-macros        -DNDEBUG -DDEBUG=0  -Wall -Werror -Wno-long-long -Wno-variadic-macros  -DGTEST_HAS_PTHREAD=1    ";
                            OTHER_CPLUSPLUSFLAGS = " -Wall -Werror -Wno-long-long -Wno-variadic-macros        -DNDEBUG -DDEBUG=0  -Wall -Werror -Wno-long-long -Wno-variadic-macros  -DGTEST_HAS_PTHREAD=1    ";
                            OTHER_LDFLAGS = " ";
                            OTHER_REZFLAGS = "";
                            PRODUCT_NAME = gtest;
                            SECTORDER_FLAGS = "";
                            SYMROOT = ../googletest;
                            USE_HEADERMAP = NO;
                            WARNING_CFLAGS = "-Wall -Werror -Wno-long-long -Wno-variadic-macros";
                     };
                     name = RelWithDebInfo;
              };
              37A66DE795CD4D5089FBE657 /* Debug */ = {
                     isa = XCBuildConfiguration;
                     buildSettings = {
                            COMBINE_HIDPI_IMAGES = YES;
                            EXECUTABLE_PREFIX = lib;
                            EXECUTABLE_SUFFIX = ".a";
                            GCC_GENERATE_DEBUGGING_SYMBOLS = YES;
                            GCC_INLINES_ARE_PRIVATE_EXTERN = NO;
                            GCC_OPTIMIZATION_LEVEL = 0;
                            GCC_PREPROCESSOR_DEFINITIONS = ("'CMAKE_INTDIR=\"$(CONFIGURATION)$(EFFECTIVE_PLATFORM_NAME)\"'", );
                            GCC_SYMBOLS_PRIVATE_EXTERN = NO;
                            HEADER_SEARCH_PATHS = (../../../googletest/include, ../../../googletest, );
                            INSTALL_PATH = "";
                            LIBRARY_STYLE = STATIC;
                            OTHER_CFLAGS = " -Wall -Werror -Wno-long-long -Wno-variadic-macros    -DDEBUG=1  -Wall -Werror -Wno-long-long -Wno-variadic-macros  -DGTEST_HAS_PTHREAD=1    ";
                            OTHER_CPLUSPLUSFLAGS = " -Wall -Werror -Wno-long-long -Wno-variadic-macros    -DDEBUG=1  -Wall -Werror -Wno-long-long -Wno-variadic-macros  -DGTEST_HAS_PTHREAD=1    ";
                            OTHER_LDFLAGS = " ";
                            OTHER_REZFLAGS = "";
                            PRODUCT_NAME = gtest_main;
                            SECTORDER_FLAGS = "";
                            SYMROOT = ../googletest;
                            USE_HEADERMAP = NO;
                            WARNING_CFLAGS = "-Wall -Werror -Wno-long-long -Wno-variadic-macros";
                     };
                     name = Debug;
              };
              F1653481EC114F28A59717EB /* Release */ = {
                     isa = XCBuildConfiguration;
                     buildSettings = {
                            COMBINE_HIDPI_IMAGES = YES;
                            EXECUTABLE_PREFIX = lib;
                            EXECUTABLE_SUFFIX = ".a";
                            GCC_GENERATE_DEBUGGING_SYMBOLS = NO;
                            GCC_INLINES_ARE_PRIVATE_EXTERN = NO;
                            GCC_OPTIMIZATION_LEVEL = 3;
                            GCC_PREPROCESSOR_DEFINITIONS = ("'CMAKE_INTDIR=\"$(CONFIGURATION)$(EFFECTIVE_PLATFORM_NAME)\"'", );
                            GCC_SYMBOLS_PRIVATE_EXTERN = NO;
                            HEADER_SEARCH_PATHS = (../../../googletest/include, ../../../googletest, );
                            INSTALL_PATH = "";
                            LIBRARY_STYLE = STATIC;
                            OTHER_CFLAGS = " -Wall -Werror -Wno-long-long -Wno-variadic-macros     -DNDEBUG -DDEBUG=0  -Wall -Werror -Wno-long-long -Wno-variadic-macros  -DGTEST_HAS_PTHREAD=1    ";
                            OTHER_CPLUSPLUSFLAGS = " -Wall -Werror -Wno-long-long -Wno-variadic-macros     -DNDEBUG -DDEBUG=0  -Wall -Werror -Wno-long-long -Wno-variadic-macros  -DGTEST_HAS_PTHREAD=1    ";
                            OTHER_LDFLAGS = " ";
                            OTHER_REZFLAGS = "";
                            PRODUCT_NAME = gtest_main;
                            SECTORDER_FLAGS = "";
                            SYMROOT = ../googletest;
                            USE_HEADERMAP = NO;
                            WARNING_CFLAGS = "-Wall -Werror -Wno-long-long -Wno-variadic-macros";
                     };
                     name = Release;
              };
              5D36918969474822B313F312 /* MinSizeRel */ = {
                     isa = XCBuildConfiguration;
                     buildSettings = {
                            COMBINE_HIDPI_IMAGES = YES;
                            EXECUTABLE_PREFIX = lib;
                            EXECUTABLE_SUFFIX = ".a";
                            GCC_GENERATE_DEBUGGING_SYMBOLS = NO;
                            GCC_INLINES_ARE_PRIVATE_EXTERN = NO;
                            GCC_OPTIMIZATION_LEVEL = s;
                            GCC_PREPROCESSOR_DEFINITIONS = ("'CMAKE_INTDIR=\"$(CONFIGURATION)$(EFFECTIVE_PLATFORM_NAME)\"'", );
                            GCC_SYMBOLS_PRIVATE_EXTERN = NO;
                            HEADER_SEARCH_PATHS = (../../../googletest/include, ../../../googletest, );
                            INSTALL_PATH = "";
                            LIBRARY_STYLE = STATIC;
                            OTHER_CFLAGS = " -Wall -Werror -Wno-long-long -Wno-variadic-macros     -DNDEBUG -DDEBUG=0  -Wall -Werror -Wno-long-long -Wno-variadic-macros  -DGTEST_HAS_PTHREAD=1    ";
                            OTHER_CPLUSPLUSFLAGS = " -Wall -Werror -Wno-long-long -Wno-variadic-macros     -DNDEBUG -DDEBUG=0  -Wall -Werror -Wno-long-long -Wno-variadic-macros  -DGTEST_HAS_PTHREAD=1    ";
                            OTHER_LDFLAGS = " ";
                            OTHER_REZFLAGS = "";
                            PRODUCT_NAME = gtest_main;
                            SECTORDER_FLAGS = "";
                            SYMROOT = ../googletest;
                            USE_HEADERMAP = NO;
                            WARNING_CFLAGS = "-Wall -Werror -Wno-long-long -Wno-variadic-macros";
                     };
                     name = MinSizeRel;
              };
              3DCFCE40396F44128C801FA8 /* RelWithDebInfo */ = {
                     isa = XCBuildConfiguration;
                     buildSettings = {
                            COMBINE_HIDPI_IMAGES = YES;
                            EXECUTABLE_PREFIX = lib;
                            EXECUTABLE_SUFFIX = ".a";
                            GCC_GENERATE_DEBUGGING_SYMBOLS = YES;
                            GCC_INLINES_ARE_PRIVATE_EXTERN = NO;
                            GCC_OPTIMIZATION_LEVEL = 2;
                            GCC_PREPROCESSOR_DEFINITIONS = ("'CMAKE_INTDIR=\"$(CONFIGURATION)$(EFFECTIVE_PLATFORM_NAME)\"'", );
                            GCC_SYMBOLS_PRIVATE_EXTERN = NO;
                            HEADER_SEARCH_PATHS = (../../../googletest/include, ../../../googletest, );
                            INSTALL_PATH = "";
                            LIBRARY_STYLE = STATIC;
                            OTHER_CFLAGS = " -Wall -Werror -Wno-long-long -Wno-variadic-macros        -DNDEBUG -DDEBUG=0  -Wall -Werror -Wno-long-long -Wno-variadic-macros  -DGTEST_HAS_PTHREAD=1    ";
                            OTHER_CPLUSPLUSFLAGS = " -Wall -Werror -Wno-long-long -Wno-variadic-macros        -DNDEBUG -DDEBUG=0  -Wall -Werror -Wno-long-long -Wno-variadic-macros  -DGTEST_HAS_PTHREAD=1    ";
                            OTHER_LDFLAGS = " ";
                            OTHER_REZFLAGS = "";
                            PRODUCT_NAME = gtest_main;
                            SECTORDER_FLAGS = "";
                            SYMROOT = ../googletest;
                            USE_HEADERMAP = NO;
                            WARNING_CFLAGS = "-Wall -Werror -Wno-long-long -Wno-variadic-macros";
                     };
                     name = RelWithDebInfo;
              };
              A0228258E0B14C70B27C3BCF /* Debug */ = {
                     isa = XCBuildConfiguration;
                     buildSettings = {
                            COMBINE_HIDPI_IMAGES = YES;
                            GCC_GENERATE_DEBUGGING_SYMBOLS = NO;
                            GCC_INLINES_ARE_PRIVATE_EXTERN = NO;
                            GCC_OPTIMIZATION_LEVEL = 0;
                            GCC_PREPROCESSOR_DEFINITIONS = ("'CMAKE_INTDIR=\"$(CONFIGURATION)$(EFFECTIVE_PLATFORM_NAME)\"'", );
                            GCC_SYMBOLS_PRIVATE_EXTERN = NO;
                            HEADER_SEARCH_PATHS = (../../../googletest/include, ../../../googletest, );
                            INSTALL_PATH = "";
                            OTHER_CFLAGS = "  ";
                            OTHER_LDFLAGS = " ";
                            OTHER_REZFLAGS = "";
                            PRODUCT_NAME = install;
                            SECTORDER_FLAGS = "";
                            SYMROOT = ../googletest;
                            USE_HEADERMAP = NO;
                            WARNING_CFLAGS = ("-Wmost", "-Wno-four-char-constants", "-Wno-unknown-pragmas", );
                     };
                     name = Debug;
              };
              2A1DDD4CB32448709CB3F902 /* Release */ = {
                     isa = XCBuildConfiguration;
                     buildSettings = {
                            COMBINE_HIDPI_IMAGES = YES;
                            GCC_GENERATE_DEBUGGING_SYMBOLS = NO;
                            GCC_INLINES_ARE_PRIVATE_EXTERN = NO;
                            GCC_OPTIMIZATION_LEVEL = 0;
                            GCC_PREPROCESSOR_DEFINITIONS = ("'CMAKE_INTDIR=\"$(CONFIGURATION)$(EFFECTIVE_PLATFORM_NAME)\"'", );
                            GCC_SYMBOLS_PRIVATE_EXTERN = NO;
                            HEADER_SEARCH_PATHS = (../../../googletest/include, ../../../googletest, );
                            INSTALL_PATH = "";
                            OTHER_CFLAGS = "  ";
                            OTHER_LDFLAGS = " ";
                            OTHER_REZFLAGS = "";
                            PRODUCT_NAME = install;
                            SECTORDER_FLAGS = "";
                            SYMROOT = ../googletest;
                            USE_HEADERMAP = NO;
                            WARNING_CFLAGS = ("-Wmost", "-Wno-four-char-constants", "-Wno-unknown-pragmas", );
                     };
                     name = Release;
              };
              B999FC09A28F4CFAB36C75B7 /* MinSizeRel */ = {
                     isa = XCBuildConfiguration;
                     buildSettings = {
                            COMBINE_HIDPI_IMAGES = YES;
                            GCC_GENERATE_DEBUGGING_SYMBOLS = NO;
                            GCC_INLINES_ARE_PRIVATE_EXTERN = NO;
                            GCC_OPTIMIZATION_LEVEL = 0;
                            GCC_PREPROCESSOR_DEFINITIONS = ("'CMAKE_INTDIR=\"$(CONFIGURATION)$(EFFECTIVE_PLATFORM_NAME)\"'", );
                            GCC_SYMBOLS_PRIVATE_EXTERN = NO;
                            HEADER_SEARCH_PATHS = (../../../googletest/include, ../../../googletest, );
                            INSTALL_PATH = "";
                            OTHER_CFLAGS = "  ";
                            OTHER_LDFLAGS = " ";
                            OTHER_REZFLAGS = "";
                            PRODUCT_NAME = install;
                            SECTORDER_FLAGS = "";
                            SYMROOT = ../googletest;
                            USE_HEADERMAP = NO;
                            WARNING_CFLAGS = ("-Wmost", "-Wno-four-char-constants", "-Wno-unknown-pragmas", );
                     };
                     name = MinSizeRel;
              };
              714AC40680C3456C80495220 /* RelWithDebInfo */ = {
                     isa = XCBuildConfiguration;
                     buildSettings = {
                            COMBINE_HIDPI_IMAGES = YES;
                            GCC_GENERATE_DEBUGGING_SYMBOLS = NO;
                            GCC_INLINES_ARE_PRIVATE_EXTERN = NO;
                            GCC_OPTIMIZATION_LEVEL = 0;
                            GCC_PREPROCESSOR_DEFINITIONS = ("'CMAKE_INTDIR=\"$(CONFIGURATION)$(EFFECTIVE_PLATFORM_NAME)\"'", );
                            GCC_SYMBOLS_PRIVATE_EXTERN = NO;
                            HEADER_SEARCH_PATHS = (../../../googletest/include, ../../../googletest, );
                            INSTALL_PATH = "";
                            OTHER_CFLAGS = "  ";
                            OTHER_LDFLAGS = " ";
                            OTHER_REZFLAGS = "";
                            PRODUCT_NAME = install;
                            SECTORDER_FLAGS = "";
                            SYMROOT = ../googletest;
                            USE_HEADERMAP = NO;
                            WARNING_CFLAGS = ("-Wmost", "-Wno-four-char-constants", "-Wno-unknown-pragmas", );
                     };
                     name = RelWithDebInfo;
              };
/* End XCBuildConfiguration section */

/* Begin XCConfigurationList section */
              F37782B1825D46BD86C87E1E /* Build configuration list for PBXProject  "gtest" */ = {
                     isa = XCConfigurationList;
                     buildConfigurations = (
                            3ACCE3C915DA49A9971419D3 /* Debug */,
                            A185511DFC284A47A9C28FF0 /* Release */,
                            A18C7EEEC34948418B4BE26E /* MinSizeRel */,
                            CC425EF1E63C4C0F9F39AB8D /* RelWithDebInfo */,
                     );
                     defaultConfigurationIsVisible = 0;
                     defaultConfigurationName = Debug;
              };
              587102ECC1E7404D928A0EE1 /* Build configuration list for PBXAggregateTarget "ALL_BUILD" */ = {
                     isa = XCConfigurationList;
                     buildConfigurations = (
                            DB6E9D46EE714DF38193BDB5 /* Debug */,
                            5A8A2D22FF4048E7BD52E357 /* Release */,
                            81AEF6D3283841AA90954068 /* MinSizeRel */,
                            C2118D4A7A034615B527B819 /* RelWithDebInfo */,
                     );
                     defaultConfigurationIsVisible = 0;
                     defaultConfigurationName = Debug;
              };
              CE9751E6A82041ECA5DBF03A /* Build configuration list for PBXNativeTarget "gtest" */ = {
                     isa = XCConfigurationList;
                     buildConfigurations = (
                            8A0DA76A5E974BD2BE28B276 /* Debug */,
                            E6DCC7915AED4450A9C4941F /* Release */,
                            65B007F17A814EE9830028C2 /* MinSizeRel */,
                            E64DB2BBF9514BF6A381D4E7 /* RelWithDebInfo */,
                     );
                     defaultConfigurationIsVisible = 0;
                     defaultConfigurationName = Debug;
              };
              4F1695C4A5DE4ECD8203E7D9 /* Build configuration list for PBXNativeTarget "gtest_main" */ = {
                     isa = XCConfigurationList;
                     buildConfigurations = (
                            37A66DE795CD4D5089FBE657 /* Debug */,
                            F1653481EC114F28A59717EB /* Release */,
                            5D36918969474822B313F312 /* MinSizeRel */,
                            3DCFCE40396F44128C801FA8 /* RelWithDebInfo */,
                     );
                     defaultConfigurationIsVisible = 0;
                     defaultConfigurationName = Debug;
              };
              990A6C549AD7446B9A50A1BE /* Build configuration list for PBXAggregateTarget "install" */ = {
                     isa = XCConfigurationList;
                     buildConfigurations = (
                            A0228258E0B14C70B27C3BCF /* Debug */,
                            2A1DDD4CB32448709CB3F902 /* Release */,
                            B999FC09A28F4CFAB36C75B7 /* MinSizeRel */,
                            714AC40680C3456C80495220 /* RelWithDebInfo */,
                     );
                     defaultConfigurationIsVisible = 0;
                     defaultConfigurationName = Debug;
              };
/* End XCConfigurationList section */
       };
       rootObject = A163354D981745D9933AB958;
}
