Microsoft Visual Studio Solution File, Format Version 12.00
# Visual Studio 2012
Project("{8BC9CEB8-8B4A-11D0-8D11-00A0C91BC942}") = "BlockAllocatorTests", "Unittests\BlockAllocatorTests.vcxproj", "{26BDDB2B-9371-44FF-9B81-BA0067A27D16}"
	ProjectSection(ProjectDependencies) = postProject
		{53255916-A6CF-4ADE-9F8E-FC8A9AF49678} = {53255916-A6CF-4ADE-9F8E-FC8A9AF49678}
		{1E135BEC-166D-4D60-9473-20487DAB0C18} = {1E135BEC-166D-4D60-9473-20487DAB0C18}
	EndProjectSection
EndProject
Project("{8BC9CEB8-8B4A-11D0-8D11-00A0C91BC942}") = "BodyContactsTests", "Unittests\BodyContactsTests.vcxproj", "{F577A2A5-4CA8-474E-9E3D-7790EB922484}"
	ProjectSection(ProjectDependencies) = postProject
		{53255916-A6CF-4ADE-9F8E-FC8A9AF49678} = {53255916-A6CF-4ADE-9F8E-FC8A9AF49678}
		{1E135BEC-166D-4D60-9473-20487DAB0C18} = {1E135BEC-166D-4D60-9473-20487DAB0C18}
	EndProjectSection
EndProject
Project("{8BC9CEB8-8B4A-11D0-8D11-00A0C91BC942}") = "Box2D", "Box2D\Box2D.vcxproj", "{53255916-A6CF-4ADE-9F8E-FC8A9AF49678}"
	ProjectSection(ProjectDependencies) = postProject
	EndProjectSection
EndProject
Project("{8BC9CEB8-8B4A-11D0-8D11-00A0C91BC942}") = "CallbackTests", "Unittests\CallbackTests.vcxproj", "{EB70BE37-891A-4251-804F-6AF93860EBF6}"
	ProjectSection(ProjectDependencies) = postProject
		{53255916-A6CF-4ADE-9F8E-FC8A9AF49678} = {53255916-A6CF-4ADE-9F8E-FC8A9AF49678}
		{1E135BEC-166D-4D60-9473-20487DAB0C18} = {1E135BEC-166D-4D60-9473-20487DAB0C18}
	EndProjectSection
EndProject
Project("{8BC9CEB8-8B4A-11D0-8D11-00A0C91BC942}") = "ColorTests", "Unittests\ColorTests.vcxproj", "{529AAA1F-0F9A-442E-B915-AABEA104079A}"
	ProjectSection(ProjectDependencies) = postProject
		{53255916-A6CF-4ADE-9F8E-FC8A9AF49678} = {53255916-A6CF-4ADE-9F8E-FC8A9AF49678}
		{1E135BEC-166D-4D60-9473-20487DAB0C18} = {1E135BEC-166D-4D60-9473-20487DAB0C18}
	EndProjectSection
EndProject
Project("{8BC9CEB8-8B4A-11D0-8D11-00A0C91BC942}") = "CommonTests", "Unittests\CommonTests.vcxproj", "{10273EDF-19E3-4C2B-96A8-F5873870AD9E}"
	ProjectSection(ProjectDependencies) = postProject
		{53255916-A6CF-4ADE-9F8E-FC8A9AF49678} = {53255916-A6CF-4ADE-9F8E-FC8A9AF49678}
		{1E135BEC-166D-4D60-9473-20487DAB0C18} = {1E135BEC-166D-4D60-9473-20487DAB0C18}
	EndProjectSection
EndProject
Project("{8BC9CEB8-8B4A-11D0-8D11-00A0C91BC942}") = "ConfinementTests", "Unittests\ConfinementTests.vcxproj", "{33A92F36-9BED-4036-8710-A7793972DAAD}"
	ProjectSection(ProjectDependencies) = postProject
		{53255916-A6CF-4ADE-9F8E-FC8A9AF49678} = {53255916-A6CF-4ADE-9F8E-FC8A9AF49678}
		{1E135BEC-166D-4D60-9473-20487DAB0C18} = {1E135BEC-166D-4D60-9473-20487DAB0C18}
	EndProjectSection
EndProject
Project("{8BC9CEB8-8B4A-11D0-8D11-00A0C91BC942}") = "ConservationTests", "Unittests\ConservationTests.vcxproj", "{AE337621-DD9D-45EB-AF85-B294A8016333}"
	ProjectSection(ProjectDependencies) = postProject
		{53255916-A6CF-4ADE-9F8E-FC8A9AF49678} = {53255916-A6CF-4ADE-9F8E-FC8A9AF49678}
		{1E135BEC-166D-4D60-9473-20487DAB0C18} = {1E135BEC-166D-4D60-9473-20487DAB0C18}
	EndProjectSection
EndProject
Project("{8BC9CEB8-8B4A-11D0-8D11-00A0C91BC942}") = "FreeListTests", "Unittests\FreeListTests.vcxproj", "{71E96A23-DEF6-440A-A1DD-F5654AE01BD1}"
	ProjectSection(ProjectDependencies) = postProject
		{53255916-A6CF-4ADE-9F8E-FC8A9AF49678} = {53255916-A6CF-4ADE-9F8E-FC8A9AF49678}
		{1E135BEC-166D-4D60-9473-20487DAB0C18} = {1E135BEC-166D-4D60-9473-20487DAB0C18}
	EndProjectSection
EndProject
Project("{8BC9CEB8-8B4A-11D0-8D11-00A0C91BC942}") = "FunctionTests", "Unittests\FunctionTests.vcxproj", "{58B0D226-4E1E-4FBE-9F0F-3FA703A5C052}"
	ProjectSection(ProjectDependencies) = postProject
		{53255916-A6CF-4ADE-9F8E-FC8A9AF49678} = {53255916-A6CF-4ADE-9F8E-FC8A9AF49678}
		{1E135BEC-166D-4D60-9473-20487DAB0C18} = {1E135BEC-166D-4D60-9473-20487DAB0C18}
	EndProjectSection
EndProject
Project("{8BC9CEB8-8B4A-11D0-8D11-00A0C91BC942}") = "HelloWorld", "HelloWorld\HelloWorld.vcxproj", "{ED0B9903-A62C-46DF-B5D6-05DCB9EB911F}"
	ProjectSection(ProjectDependencies) = postProject
		{53255916-A6CF-4ADE-9F8E-FC8A9AF49678} = {53255916-A6CF-4ADE-9F8E-FC8A9AF49678}
	EndProjectSection
EndProject
Project("{8BC9CEB8-8B4A-11D0-8D11-00A0C91BC942}") = "HelloWorldTests", "Unittests\HelloWorldTests.vcxproj", "{7A0EFBA9-E7D2-47AF-814E-0FBFA621A781}"
	ProjectSection(ProjectDependencies) = postProject
		{53255916-A6CF-4ADE-9F8E-FC8A9AF49678} = {53255916-A6CF-4ADE-9F8E-FC8A9AF49678}
		{1E135BEC-166D-4D60-9473-20487DAB0C18} = {1E135BEC-166D-4D60-9473-20487DAB0C18}
	EndProjectSection
EndProject
Project("{8BC9CEB8-8B4A-11D0-8D11-00A0C91BC942}") = "IntrusiveListTests", "Unittests\IntrusiveListTests.vcxproj", "{F0F48B81-3FB9-4B08-894E-BC5679F94C04}"
	ProjectSection(ProjectDependencies) = postProject
		{53255916-A6CF-4ADE-9F8E-FC8A9AF49678} = {53255916-A6CF-4ADE-9F8E-FC8A9AF49678}
		{1E135BEC-166D-4D60-9473-20487DAB0C18} = {1E135BEC-166D-4D60-9473-20487DAB0C18}
	EndProjectSection
EndProject
Project("{8BC9CEB8-8B4A-11D0-8D11-00A0C91BC942}") = "SlabAllocatorTests", "Unittests\SlabAllocatorTests.vcxproj", "{86E6DE82-27D6-4CBE-BFBD-5DD3CB8E3DC2}"
	ProjectSection(ProjectDependencies) = postProject
		{53255916-A6CF-4ADE-9F8E-FC8A9AF49678} = {53255916-A6CF-4ADE-9F8E-FC8A9AF49678}
		{1E135BEC-166D-4D60-9473-20487DAB0C18} = {1E135BEC-166D-4D60-9473-20487DAB0C18}
	EndProjectSection
EndProject
Project("{8BC9CEB8-8B4A-11D0-8D11-00A0C91BC942}") = "Testbed", "Testbed\Testbed.vcxproj", "{8469096E-4A59-471A-85C9-05C2B3E508D0}"
	ProjectSection(ProjectDependencies) = postProject
		{53255916-A6CF-4ADE-9F8E-FC8A9AF49678} = {53255916-A6CF-4ADE-9F8E-FC8A9AF49678}
		{BC772DCB-8861-4A01-A26C-DEDCEEE78077} = {BC772DCB-8861-4A01-A26C-DEDCEEE78077}
		{5E99104B-881C-4CEB-8AD1-3A2068EAC71E} = {5E99104B-881C-4CEB-8AD1-3A2068EAC71E}
	EndProjectSection
EndProject
Project("{8BC9CEB8-8B4A-11D0-8D11-00A0C91BC942}") = "TrackedBlockTests", "Unittests\TrackedBlockTests.vcxproj", "{066B1DD3-516F-4A7F-8964-7C339E240C5B}"
	ProjectSection(ProjectDependencies) = postProject
		{53255916-A6CF-4ADE-9F8E-FC8A9AF49678} = {53255916-A6CF-4ADE-9F8E-FC8A9AF49678}
		{1E135BEC-166D-4D60-9473-20487DAB0C18} = {1E135BEC-166D-4D60-9473-20487DAB0C18}
	EndProjectSection
EndProject
Project("{8BC9CEB8-8B4A-11D0-8D11-00A0C91BC942}") = "freeglut", "freeglut\freeglut.vcxproj", "{4BCA1BA7-03DA-4405-9643-32A674424969}"
	ProjectSection(ProjectDependencies) = postProject
	EndProjectSection
EndProject
Project("{8BC9CEB8-8B4A-11D0-8D11-00A0C91BC942}") = "freeglut_static", "freeglut\freeglut_static.vcxproj", "{BC772DCB-8861-4A01-A26C-DEDCEEE78077}"
	ProjectSection(ProjectDependencies) = postProject
	EndProjectSection
EndProject
Project("{8BC9CEB8-8B4A-11D0-8D11-00A0C91BC942}") = "glui", "glui\glui.vcxproj", "{5E99104B-881C-4CEB-8AD1-3A2068EAC71E}"
	ProjectSection(ProjectDependencies) = postProject
	EndProjectSection
EndProject
Project("{8BC9CEB8-8B4A-11D0-8D11-00A0C91BC942}") = "gtest", "googletest\gtest.vcxproj", "{1E135BEC-166D-4D60-9473-20487DAB0C18}"
	ProjectSection(ProjectDependencies) = postProject
	EndProjectSection
EndProject
Project("{8BC9CEB8-8B4A-11D0-8D11-00A0C91BC942}") = "gtest_main", "googletest\gtest_main.vcxproj", "{51AE4EA8-78F7-425A-853E-281980989063}"
	ProjectSection(ProjectDependencies) = postProject
		{1E135BEC-166D-4D60-9473-20487DAB0C18} = {1E135BEC-166D-4D60-9473-20487DAB0C18}
	EndProjectSection
EndProject
Global
	GlobalSection(SolutionConfigurationPlatforms) = preSolution
		Debug|Win32 = Debug|Win32
		Release|Win32 = Release|Win32
		MinSizeRel|Win32 = MinSizeRel|Win32
		RelWithDebInfo|Win32 = RelWithDebInfo|Win32
	EndGlobalSection
	GlobalSection(ProjectConfigurationPlatforms) = postSolution
		{26BDDB2B-9371-44FF-9B81-BA0067A27D16}.Debug|Win32.ActiveCfg = Debug|Win32
		{26BDDB2B-9371-44FF-9B81-BA0067A27D16}.Debug|Win32.Build.0 = Debug|Win32
		{26BDDB2B-9371-44FF-9B81-BA0067A27D16}.Release|Win32.ActiveCfg = Release|Win32
		{26BDDB2B-9371-44FF-9B81-BA0067A27D16}.Release|Win32.Build.0 = Release|Win32
		{26BDDB2B-9371-44FF-9B81-BA0067A27D16}.MinSizeRel|Win32.ActiveCfg = MinSizeRel|Win32
		{26BDDB2B-9371-44FF-9B81-BA0067A27D16}.MinSizeRel|Win32.Build.0 = MinSizeRel|Win32
		{26BDDB2B-9371-44FF-9B81-BA0067A27D16}.RelWithDebInfo|Win32.ActiveCfg = RelWithDebInfo|Win32
		{26BDDB2B-9371-44FF-9B81-BA0067A27D16}.RelWithDebInfo|Win32.Build.0 = RelWithDebInfo|Win32
		{F577A2A5-4CA8-474E-9E3D-7790EB922484}.Debug|Win32.ActiveCfg = Debug|Win32
		{F577A2A5-4CA8-474E-9E3D-7790EB922484}.Debug|Win32.Build.0 = Debug|Win32
		{F577A2A5-4CA8-474E-9E3D-7790EB922484}.Release|Win32.ActiveCfg = Release|Win32
		{F577A2A5-4CA8-474E-9E3D-7790EB922484}.Release|Win32.Build.0 = Release|Win32
		{F577A2A5-4CA8-474E-9E3D-7790EB922484}.MinSizeRel|Win32.ActiveCfg = MinSizeRel|Win32
		{F577A2A5-4CA8-474E-9E3D-7790EB922484}.MinSizeRel|Win32.Build.0 = MinSizeRel|Win32
		{F577A2A5-4CA8-474E-9E3D-7790EB922484}.RelWithDebInfo|Win32.ActiveCfg = RelWithDebInfo|Win32
		{F577A2A5-4CA8-474E-9E3D-7790EB922484}.RelWithDebInfo|Win32.Build.0 = RelWithDebInfo|Win32
		{53255916-A6CF-4ADE-9F8E-FC8A9AF49678}.Debug|Win32.ActiveCfg = Debug|Win32
		{53255916-A6CF-4ADE-9F8E-FC8A9AF49678}.Debug|Win32.Build.0 = Debug|Win32
		{53255916-A6CF-4ADE-9F8E-FC8A9AF49678}.Release|Win32.ActiveCfg = Release|Win32
		{53255916-A6CF-4ADE-9F8E-FC8A9AF49678}.Release|Win32.Build.0 = Release|Win32
		{53255916-A6CF-4ADE-9F8E-FC8A9AF49678}.MinSizeRel|Win32.ActiveCfg = MinSizeRel|Win32
		{53255916-A6CF-4ADE-9F8E-FC8A9AF49678}.MinSizeRel|Win32.Build.0 = MinSizeRel|Win32
		{53255916-A6CF-4ADE-9F8E-FC8A9AF49678}.RelWithDebInfo|Win32.ActiveCfg = RelWithDebInfo|Win32
		{53255916-A6CF-4ADE-9F8E-FC8A9AF49678}.RelWithDebInfo|Win32.Build.0 = RelWithDebInfo|Win32
		{EB70BE37-891A-4251-804F-6AF93860EBF6}.Debug|Win32.ActiveCfg = Debug|Win32
		{EB70BE37-891A-4251-804F-6AF93860EBF6}.Debug|Win32.Build.0 = Debug|Win32
		{EB70BE37-891A-4251-804F-6AF93860EBF6}.Release|Win32.ActiveCfg = Release|Win32
		{EB70BE37-891A-4251-804F-6AF93860EBF6}.Release|Win32.Build.0 = Release|Win32
		{EB70BE37-891A-4251-804F-6AF93860EBF6}.MinSizeRel|Win32.ActiveCfg = MinSizeRel|Win32
		{EB70BE37-891A-4251-804F-6AF93860EBF6}.MinSizeRel|Win32.Build.0 = MinSizeRel|Win32
		{EB70BE37-891A-4251-804F-6AF93860EBF6}.RelWithDebInfo|Win32.ActiveCfg = RelWithDebInfo|Win32
		{EB70BE37-891A-4251-804F-6AF93860EBF6}.RelWithDebInfo|Win32.Build.0 = RelWithDebInfo|Win32
		{529AAA1F-0F9A-442E-B915-AABEA104079A}.Debug|Win32.ActiveCfg = Debug|Win32
		{529AAA1F-0F9A-442E-B915-AABEA104079A}.Debug|Win32.Build.0 = Debug|Win32
		{529AAA1F-0F9A-442E-B915-AABEA104079A}.Release|Win32.ActiveCfg = Release|Win32
		{529AAA1F-0F9A-442E-B915-AABEA104079A}.Release|Win32.Build.0 = Release|Win32
		{529AAA1F-0F9A-442E-B915-AABEA104079A}.MinSizeRel|Win32.ActiveCfg = MinSizeRel|Win32
		{529AAA1F-0F9A-442E-B915-AABEA104079A}.MinSizeRel|Win32.Build.0 = MinSizeRel|Win32
		{529AAA1F-0F9A-442E-B915-AABEA104079A}.RelWithDebInfo|Win32.ActiveCfg = RelWithDebInfo|Win32
		{529AAA1F-0F9A-442E-B915-AABEA104079A}.RelWithDebInfo|Win32.Build.0 = RelWithDebInfo|Win32
		{10273EDF-19E3-4C2B-96A8-F5873870AD9E}.Debug|Win32.ActiveCfg = Debug|Win32
		{10273EDF-19E3-4C2B-96A8-F5873870AD9E}.Debug|Win32.Build.0 = Debug|Win32
		{10273EDF-19E3-4C2B-96A8-F5873870AD9E}.Release|Win32.ActiveCfg = Release|Win32
		{10273EDF-19E3-4C2B-96A8-F5873870AD9E}.Release|Win32.Build.0 = Release|Win32
		{10273EDF-19E3-4C2B-96A8-F5873870AD9E}.MinSizeRel|Win32.ActiveCfg = MinSizeRel|Win32
		{10273EDF-19E3-4C2B-96A8-F5873870AD9E}.MinSizeRel|Win32.Build.0 = MinSizeRel|Win32
		{10273EDF-19E3-4C2B-96A8-F5873870AD9E}.RelWithDebInfo|Win32.ActiveCfg = RelWithDebInfo|Win32
		{10273EDF-19E3-4C2B-96A8-F5873870AD9E}.RelWithDebInfo|Win32.Build.0 = RelWithDebInfo|Win32
		{33A92F36-9BED-4036-8710-A7793972DAAD}.Debug|Win32.ActiveCfg = Debug|Win32
		{33A92F36-9BED-4036-8710-A7793972DAAD}.Debug|Win32.Build.0 = Debug|Win32
		{33A92F36-9BED-4036-8710-A7793972DAAD}.Release|Win32.ActiveCfg = Release|Win32
		{33A92F36-9BED-4036-8710-A7793972DAAD}.Release|Win32.Build.0 = Release|Win32
		{33A92F36-9BED-4036-8710-A7793972DAAD}.MinSizeRel|Win32.ActiveCfg = MinSizeRel|Win32
		{33A92F36-9BED-4036-8710-A7793972DAAD}.MinSizeRel|Win32.Build.0 = MinSizeRel|Win32
		{33A92F36-9BED-4036-8710-A7793972DAAD}.RelWithDebInfo|Win32.ActiveCfg = RelWithDebInfo|Win32
		{33A92F36-9BED-4036-8710-A7793972DAAD}.RelWithDebInfo|Win32.Build.0 = RelWithDebInfo|Win32
		{AE337621-DD9D-45EB-AF85-B294A8016333}.Debug|Win32.ActiveCfg = Debug|Win32
		{AE337621-DD9D-45EB-AF85-B294A8016333}.Debug|Win32.Build.0 = Debug|Win32
		{AE337621-DD9D-45EB-AF85-B294A8016333}.Release|Win32.ActiveCfg = Release|Win32
		{AE337621-DD9D-45EB-AF85-B294A8016333}.Release|Win32.Build.0 = Release|Win32
		{AE337621-DD9D-45EB-AF85-B294A8016333}.MinSizeRel|Win32.ActiveCfg = MinSizeRel|Win32
		{AE337621-DD9D-45EB-AF85-B294A8016333}.MinSizeRel|Win32.Build.0 = MinSizeRel|Win32
		{AE337621-DD9D-45EB-AF85-B294A8016333}.RelWithDebInfo|Win32.ActiveCfg = RelWithDebInfo|Win32
		{AE337621-DD9D-45EB-AF85-B294A8016333}.RelWithDebInfo|Win32.Build.0 = RelWithDebInfo|Win32
		{71E96A23-DEF6-440A-A1DD-F5654AE01BD1}.Debug|Win32.ActiveCfg = Debug|Win32
		{71E96A23-DEF6-440A-A1DD-F5654AE01BD1}.Debug|Win32.Build.0 = Debug|Win32
		{71E96A23-DEF6-440A-A1DD-F5654AE01BD1}.Release|Win32.ActiveCfg = Release|Win32
		{71E96A23-DEF6-440A-A1DD-F5654AE01BD1}.Release|Win32.Build.0 = Release|Win32
		{71E96A23-DEF6-440A-A1DD-F5654AE01BD1}.MinSizeRel|Win32.ActiveCfg = MinSizeRel|Win32
		{71E96A23-DEF6-440A-A1DD-F5654AE01BD1}.MinSizeRel|Win32.Build.0 = MinSizeRel|Win32
		{71E96A23-DEF6-440A-A1DD-F5654AE01BD1}.RelWithDebInfo|Win32.ActiveCfg = RelWithDebInfo|Win32
		{71E96A23-DEF6-440A-A1DD-F5654AE01BD1}.RelWithDebInfo|Win32.Build.0 = RelWithDebInfo|Win32
		{58B0D226-4E1E-4FBE-9F0F-3FA703A5C052}.Debug|Win32.ActiveCfg = Debug|Win32
		{58B0D226-4E1E-4FBE-9F0F-3FA703A5C052}.Debug|Win32.Build.0 = Debug|Win32
		{58B0D226-4E1E-4FBE-9F0F-3FA703A5C052}.Release|Win32.ActiveCfg = Release|Win32
		{58B0D226-4E1E-4FBE-9F0F-3FA703A5C052}.Release|Win32.Build.0 = Release|Win32
		{58B0D226-4E1E-4FBE-9F0F-3FA703A5C052}.MinSizeRel|Win32.ActiveCfg = MinSizeRel|Win32
		{58B0D226-4E1E-4FBE-9F0F-3FA703A5C052}.MinSizeRel|Win32.Build.0 = MinSizeRel|Win32
		{58B0D226-4E1E-4FBE-9F0F-3FA703A5C052}.RelWithDebInfo|Win32.ActiveCfg = RelWithDebInfo|Win32
		{58B0D226-4E1E-4FBE-9F0F-3FA703A5C052}.RelWithDebInfo|Win32.Build.0 = RelWithDebInfo|Win32
		{ED0B9903-A62C-46DF-B5D6-05DCB9EB911F}.Debug|Win32.ActiveCfg = Debug|Win32
		{ED0B9903-A62C-46DF-B5D6-05DCB9EB911F}.Debug|Win32.Build.0 = Debug|Win32
		{ED0B9903-A62C-46DF-B5D6-05DCB9EB911F}.Release|Win32.ActiveCfg = Release|Win32
		{ED0B9903-A62C-46DF-B5D6-05DCB9EB911F}.Release|Win32.Build.0 = Release|Win32
		{ED0B9903-A62C-46DF-B5D6-05DCB9EB911F}.MinSizeRel|Win32.ActiveCfg = MinSizeRel|Win32
		{ED0B9903-A62C-46DF-B5D6-05DCB9EB911F}.MinSizeRel|Win32.Build.0 = MinSizeRel|Win32
		{ED0B9903-A62C-46DF-B5D6-05DCB9EB911F}.RelWithDebInfo|Win32.ActiveCfg = RelWithDebInfo|Win32
		{ED0B9903-A62C-46DF-B5D6-05DCB9EB911F}.RelWithDebInfo|Win32.Build.0 = RelWithDebInfo|Win32
		{7A0EFBA9-E7D2-47AF-814E-0FBFA621A781}.Debug|Win32.ActiveCfg = Debug|Win32
		{7A0EFBA9-E7D2-47AF-814E-0FBFA621A781}.Debug|Win32.Build.0 = Debug|Win32
		{7A0EFBA9-E7D2-47AF-814E-0FBFA621A781}.Release|Win32.ActiveCfg = Release|Win32
		{7A0EFBA9-E7D2-47AF-814E-0FBFA621A781}.Release|Win32.Build.0 = Release|Win32
		{7A0EFBA9-E7D2-47AF-814E-0FBFA621A781}.MinSizeRel|Win32.ActiveCfg = MinSizeRel|Win32
		{7A0EFBA9-E7D2-47AF-814E-0FBFA621A781}.MinSizeRel|Win32.Build.0 = MinSizeRel|Win32
		{7A0EFBA9-E7D2-47AF-814E-0FBFA621A781}.RelWithDebInfo|Win32.ActiveCfg = RelWithDebInfo|Win32
		{7A0EFBA9-E7D2-47AF-814E-0FBFA621A781}.RelWithDebInfo|Win32.Build.0 = RelWithDebInfo|Win32
		{F0F48B81-3FB9-4B08-894E-BC5679F94C04}.Debug|Win32.ActiveCfg = Debug|Win32
		{F0F48B81-3FB9-4B08-894E-BC5679F94C04}.Debug|Win32.Build.0 = Debug|Win32
		{F0F48B81-3FB9-4B08-894E-BC5679F94C04}.Release|Win32.ActiveCfg = Release|Win32
		{F0F48B81-3FB9-4B08-894E-BC5679F94C04}.Release|Win32.Build.0 = Release|Win32
		{F0F48B81-3FB9-4B08-894E-BC5679F94C04}.MinSizeRel|Win32.ActiveCfg = MinSizeRel|Win32
		{F0F48B81-3FB9-4B08-894E-BC5679F94C04}.MinSizeRel|Win32.Build.0 = MinSizeRel|Win32
		{F0F48B81-3FB9-4B08-894E-BC5679F94C04}.RelWithDebInfo|Win32.ActiveCfg = RelWithDebInfo|Win32
		{F0F48B81-3FB9-4B08-894E-BC5679F94C04}.RelWithDebInfo|Win32.Build.0 = RelWithDebInfo|Win32
		{86E6DE82-27D6-4CBE-BFBD-5DD3CB8E3DC2}.Debug|Win32.ActiveCfg = Debug|Win32
		{86E6DE82-27D6-4CBE-BFBD-5DD3CB8E3DC2}.Debug|Win32.Build.0 = Debug|Win32
		{86E6DE82-27D6-4CBE-BFBD-5DD3CB8E3DC2}.Release|Win32.ActiveCfg = Release|Win32
		{86E6DE82-27D6-4CBE-BFBD-5DD3CB8E3DC2}.Release|Win32.Build.0 = Release|Win32
		{86E6DE82-27D6-4CBE-BFBD-5DD3CB8E3DC2}.MinSizeRel|Win32.ActiveCfg = MinSizeRel|Win32
		{86E6DE82-27D6-4CBE-BFBD-5DD3CB8E3DC2}.MinSizeRel|Win32.Build.0 = MinSizeRel|Win32
		{86E6DE82-27D6-4CBE-BFBD-5DD3CB8E3DC2}.RelWithDebInfo|Win32.ActiveCfg = RelWithDebInfo|Win32
		{86E6DE82-27D6-4CBE-BFBD-5DD3CB8E3DC2}.RelWithDebInfo|Win32.Build.0 = RelWithDebInfo|Win32
		{8469096E-4A59-471A-85C9-05C2B3E508D0}.Debug|Win32.ActiveCfg = Debug|Win32
		{8469096E-4A59-471A-85C9-05C2B3E508D0}.Debug|Win32.Build.0 = Debug|Win32
		{8469096E-4A59-471A-85C9-05C2B3E508D0}.Release|Win32.ActiveCfg = Release|Win32
		{8469096E-4A59-471A-85C9-05C2B3E508D0}.Release|Win32.Build.0 = Release|Win32
		{8469096E-4A59-471A-85C9-05C2B3E508D0}.MinSizeRel|Win32.ActiveCfg = MinSizeRel|Win32
		{8469096E-4A59-471A-85C9-05C2B3E508D0}.MinSizeRel|Win32.Build.0 = MinSizeRel|Win32
		{8469096E-4A59-471A-85C9-05C2B3E508D0}.RelWithDebInfo|Win32.ActiveCfg = RelWithDebInfo|Win32
		{8469096E-4A59-471A-85C9-05C2B3E508D0}.RelWithDebInfo|Win32.Build.0 = RelWithDebInfo|Win32
		{066B1DD3-516F-4A7F-8964-7C339E240C5B}.Debug|Win32.ActiveCfg = Debug|Win32
		{066B1DD3-516F-4A7F-8964-7C339E240C5B}.Debug|Win32.Build.0 = Debug|Win32
		{066B1DD3-516F-4A7F-8964-7C339E240C5B}.Release|Win32.ActiveCfg = Release|Win32
		{066B1DD3-516F-4A7F-8964-7C339E240C5B}.Release|Win32.Build.0 = Release|Win32
		{066B1DD3-516F-4A7F-8964-7C339E240C5B}.MinSizeRel|Win32.ActiveCfg = MinSizeRel|Win32
		{066B1DD3-516F-4A7F-8964-7C339E240C5B}.MinSizeRel|Win32.Build.0 = MinSizeRel|Win32
		{066B1DD3-516F-4A7F-8964-7C339E240C5B}.RelWithDebInfo|Win32.ActiveCfg = RelWithDebInfo|Win32
		{066B1DD3-516F-4A7F-8964-7C339E240C5B}.RelWithDebInfo|Win32.Build.0 = RelWithDebInfo|Win32
		{4BCA1BA7-03DA-4405-9643-32A674424969}.Debug|Win32.ActiveCfg = Debug|Win32
		{4BCA1BA7-03DA-4405-9643-32A674424969}.Debug|Win32.Build.0 = Debug|Win32
		{4BCA1BA7-03DA-4405-9643-32A674424969}.Release|Win32.ActiveCfg = Release|Win32
		{4BCA1BA7-03DA-4405-9643-32A674424969}.Release|Win32.Build.0 = Release|Win32
		{4BCA1BA7-03DA-4405-9643-32A674424969}.MinSizeRel|Win32.ActiveCfg = MinSizeRel|Win32
		{4BCA1BA7-03DA-4405-9643-32A674424969}.MinSizeRel|Win32.Build.0 = MinSizeRel|Win32
		{4BCA1BA7-03DA-4405-9643-32A674424969}.RelWithDebInfo|Win32.ActiveCfg = RelWithDebInfo|Win32
		{4BCA1BA7-03DA-4405-9643-32A674424969}.RelWithDebInfo|Win32.Build.0 = RelWithDebInfo|Win32
		{BC772DCB-8861-4A01-A26C-DEDCEEE78077}.Debug|Win32.ActiveCfg = Debug|Win32
		{BC772DCB-8861-4A01-A26C-DEDCEEE78077}.Debug|Win32.Build.0 = Debug|Win32
		{BC772DCB-8861-4A01-A26C-DEDCEEE78077}.Release|Win32.ActiveCfg = Release|Win32
		{BC772DCB-8861-4A01-A26C-DEDCEEE78077}.Release|Win32.Build.0 = Release|Win32
		{BC772DCB-8861-4A01-A26C-DEDCEEE78077}.MinSizeRel|Win32.ActiveCfg = MinSizeRel|Win32
		{BC772DCB-8861-4A01-A26C-DEDCEEE78077}.MinSizeRel|Win32.Build.0 = MinSizeRel|Win32
		{BC772DCB-8861-4A01-A26C-DEDCEEE78077}.RelWithDebInfo|Win32.ActiveCfg = RelWithDebInfo|Win32
		{BC772DCB-8861-4A01-A26C-DEDCEEE78077}.RelWithDebInfo|Win32.Build.0 = RelWithDebInfo|Win32
		{5E99104B-881C-4CEB-8AD1-3A2068EAC71E}.Debug|Win32.ActiveCfg = Debug|Win32
		{5E99104B-881C-4CEB-8AD1-3A2068EAC71E}.Debug|Win32.Build.0 = Debug|Win32
		{5E99104B-881C-4CEB-8AD1-3A2068EAC71E}.Release|Win32.ActiveCfg = Release|Win32
		{5E99104B-881C-4CEB-8AD1-3A2068EAC71E}.Release|Win32.Build.0 = Release|Win32
		{5E99104B-881C-4CEB-8AD1-3A2068EAC71E}.MinSizeRel|Win32.ActiveCfg = MinSizeRel|Win32
		{5E99104B-881C-4CEB-8AD1-3A2068EAC71E}.MinSizeRel|Win32.Build.0 = MinSizeRel|Win32
		{5E99104B-881C-4CEB-8AD1-3A2068EAC71E}.RelWithDebInfo|Win32.ActiveCfg = RelWithDebInfo|Win32
		{5E99104B-881C-4CEB-8AD1-3A2068EAC71E}.RelWithDebInfo|Win32.Build.0 = RelWithDebInfo|Win32
		{1E135BEC-166D-4D60-9473-20487DAB0C18}.Debug|Win32.ActiveCfg = Debug|Win32
		{1E135BEC-166D-4D60-9473-20487DAB0C18}.Debug|Win32.Build.0 = Debug|Win32
		{1E135BEC-166D-4D60-9473-20487DAB0C18}.Release|Win32.ActiveCfg = Release|Win32
		{1E135BEC-166D-4D60-9473-20487DAB0C18}.Release|Win32.Build.0 = Release|Win32
		{1E135BEC-166D-4D60-9473-20487DAB0C18}.MinSizeRel|Win32.ActiveCfg = MinSizeRel|Win32
		{1E135BEC-166D-4D60-9473-20487DAB0C18}.MinSizeRel|Win32.Build.0 = MinSizeRel|Win32
		{1E135BEC-166D-4D60-9473-20487DAB0C18}.RelWithDebInfo|Win32.ActiveCfg = RelWithDebInfo|Win32
		{1E135BEC-166D-4D60-9473-20487DAB0C18}.RelWithDebInfo|Win32.Build.0 = RelWithDebInfo|Win32
		{51AE4EA8-78F7-425A-853E-281980989063}.Debug|Win32.ActiveCfg = Debug|Win32
		{51AE4EA8-78F7-425A-853E-281980989063}.Debug|Win32.Build.0 = Debug|Win32
		{51AE4EA8-78F7-425A-853E-281980989063}.Release|Win32.ActiveCfg = Release|Win32
		{51AE4EA8-78F7-425A-853E-281980989063}.Release|Win32.Build.0 = Release|Win32
		{51AE4EA8-78F7-425A-853E-281980989063}.MinSizeRel|Win32.ActiveCfg = MinSizeRel|Win32
		{51AE4EA8-78F7-425A-853E-281980989063}.MinSizeRel|Win32.Build.0 = MinSizeRel|Win32
		{51AE4EA8-78F7-425A-853E-281980989063}.RelWithDebInfo|Win32.ActiveCfg = RelWithDebInfo|Win32
		{51AE4EA8-78F7-425A-853E-281980989063}.RelWithDebInfo|Win32.Build.0 = RelWithDebInfo|Win32
	EndGlobalSection
	GlobalSection(ExtensibilityGlobals) = postSolution
	EndGlobalSection
	GlobalSection(ExtensibilityAddIns) = postSolution
	EndGlobalSection
EndGlobal
